
Microsoft Visual Studio Solution File, Format Version 12.00
# Visual Studio 15
VisualStudioVersion = 15.0.28307.421
MinimumVisualStudioVersion = 10.0.40219.1
Project("{FAE04EC0-301F-11D3-BF4B-00C04F79EFBC}") = "TravelPortal", "TravelPortal\TravelPortal.csproj", "{E7F72811-6D3F-42BB-8D78-7117F32B527B}"
EndProject
Global
	GlobalSection(SolutionConfigurationPlatforms) = preSolution
		Debug|Any CPU = Debug|Any CPU
		Release|Any CPU = Release|Any CPU
	EndGlobalSection
	GlobalSection(ProjectConfigurationPlatforms) = postSolution
		{E7F72811-6D3F-42BB-8D78-7117F32B527B}.Debug|Any CPU.ActiveCfg = Debug|Any CPU
		{E7F72811-6D3F-42BB-8D78-7117F32B527B}.Debug|Any CPU.Build.0 = Debug|Any CPU
		{E7F72811-6D3F-42BB-8D78-7117F32B527B}.Release|Any CPU.ActiveCfg = Release|Any CPU
		{E7F72811-6D3F-42BB-8D78-7117F32B527B}.Release|Any CPU.Build.0 = Release|Any CPU
	EndGlobalSection
	GlobalSection(SolutionProperties) = preSolution
		HideSolutionNode = FALSE
	EndGlobalSection
	GlobalSection(ExtensibilityGlobals) = postSolution
		SolutionGuid = {73FA31C6-F4B5-4B94-9705-FEA37B04C032}
	EndGlobalSection
EndGlobal
